
Microsoft Visual Studio Solution File, Format Version 12.00
# Visual Studio Version 17
VisualStudioVersion = 17.8.34330.188
MinimumVisualStudioVersion = 10.0.40219.1
Project("{FAE04EC0-301F-11D3-BF4B-00C04F79EFBC}") = "PowerYaml", "PowerYaml\PowerYaml.csproj", "{BFD62376-2BC1-419C-B5D1-6B1880DDF5F6}"
EndProject
Global
	GlobalSection(SolutionConfigurationPlatforms) = preSolution
		Debug|Any CPU = Debug|Any CPU
		Debug|x64 = Debug|x64
		Release|Any CPU = Release|Any CPU
		Release|x64 = Release|x64
	EndGlobalSection
	GlobalSection(ProjectConfigurationPlatforms) = postSolution
		{BFD62376-2BC1-419C-B5D1-6B1880DDF5F6}.Debug|Any CPU.ActiveCfg = Debug|Any CPU
		{BFD62376-2BC1-419C-B5D1-6B1880DDF5F6}.Debug|Any CPU.Build.0 = Debug|Any CPU
		{BFD62376-2BC1-419C-B5D1-6B1880DDF5F6}.Debug|x64.ActiveCfg = Debug|x64
		{BFD62376-2BC1-419C-B5D1-6B1880DDF5F6}.Debug|x64.Build.0 = Debug|x64
		{BFD62376-2BC1-419C-B5D1-6B1880DDF5F6}.Release|Any CPU.ActiveCfg = Release|Any CPU
		{BFD62376-2BC1-419C-B5D1-6B1880DDF5F6}.Release|Any CPU.Build.0 = Release|Any CPU
		{BFD62376-2BC1-419C-B5D1-6B1880DDF5F6}.Release|x64.ActiveCfg = Release|x64
		{BFD62376-2BC1-419C-B5D1-6B1880DDF5F6}.Release|x64.Build.0 = Release|x64
	EndGlobalSection
	GlobalSection(SolutionProperties) = preSolution
		HideSolutionNode = FALSE
	EndGlobalSection
	GlobalSection(ExtensibilityGlobals) = postSolution
		SolutionGuid = {F0CF5CA0-CD74-4908-9A9A-C0F32BCD04B1}
	EndGlobalSection
EndGlobal
